<Solution>
  <Folder Name="/.github/">
    <File Path=".github/renovate.json" />
  </Folder>
  <Folder Name="/.github/workflows/">
    <File Path=".github/workflows/build-and-test.yml" />
    <File Path=".github/workflows/daily-automatic-update.yml" />
  </Folder>
  <Project Path="src/Soenneker.HubSpot.Runners.OpenApiClient.csproj" />
  <Project Path="test/Soenneker.HubSpot.Runners.OpenApiClient.Tests/Soenneker.HubSpot.Runners.OpenApiClient.Tests.csproj" />
</Solution>
